
Microsoft Visual Studio Solution File, Format Version 12.00
# Visual Studio 2015
Project("{FAE04EC0-301F-11D3-BF4B-00C04F79EFBC}") = "Ch29-Mission-Demolition.CSharp", "Ch29-Mission-Demolition.CSharp.csproj", "{7C881790-98A5-441E-6239-FD44330B566D}"
EndProject
Global
	GlobalSection(SolutionConfigurationPlatforms) = preSolution
		Debug|Any CPU = Debug|Any CPU
		Release|Any CPU = Release|Any CPU
	EndGlobalSection
	GlobalSection(ProjectConfigurationPlatforms) = postSolution
		{7C881790-98A5-441E-6239-FD44330B566D}.Debug|Any CPU.ActiveCfg = Debug|Any CPU
		{7C881790-98A5-441E-6239-FD44330B566D}.Debug|Any CPU.Build.0 = Debug|Any CPU
		{7C881790-98A5-441E-6239-FD44330B566D}.Release|Any CPU.ActiveCfg = Release|Any CPU
		{7C881790-98A5-441E-6239-FD44330B566D}.Release|Any CPU.Build.0 = Release|Any CPU
	EndGlobalSection
	GlobalSection(SolutionProperties) = preSolution
		HideSolutionNode = FALSE
	EndGlobalSection
EndGlobal
